
Microsoft Visual Studio Solution File, Format Version 12.00
# Visual Studio Version 17
VisualStudioVersion = 17.2.32616.157
MinimumVisualStudioVersion = 10.0.40219.1
Project("{9A19103F-16F7-4668-BE54-9A1E7A4F7556}") = "AWSAuthentication", "AWSAuthentication.csproj", "{15AB7354-1F4A-465B-8628-1321F1445704}"
EndProject
Project("{FAE04EC0-301F-11D3-BF4B-00C04F79EFBC}") = "AWSAuthentication.UnitTest", "..\AWSAuthentication.UnitTest\AWSAuthentication.UnitTest.csproj", "{C48447B7-17AA-4350-B5A0-D7504E785128}"
EndProject
Global
	GlobalSection(SolutionConfigurationPlatforms) = preSolution
		Debug|Any CPU = Debug|Any CPU
		Release|Any CPU = Release|Any CPU
	EndGlobalSection
	GlobalSection(ProjectConfigurationPlatforms) = postSolution
		{15AB7354-1F4A-465B-8628-1321F1445704}.Debug|Any CPU.ActiveCfg = Debug|Any CPU
		{15AB7354-1F4A-465B-8628-1321F1445704}.Debug|Any CPU.Build.0 = Debug|Any CPU
		{15AB7354-1F4A-465B-8628-1321F1445704}.Release|Any CPU.ActiveCfg = Release|Any CPU
		{15AB7354-1F4A-465B-8628-1321F1445704}.Release|Any CPU.Build.0 = Release|Any CPU
		{C48447B7-17AA-4350-B5A0-D7504E785128}.Debug|Any CPU.ActiveCfg = Debug|Any CPU
		{C48447B7-17AA-4350-B5A0-D7504E785128}.Debug|Any CPU.Build.0 = Debug|Any CPU
		{C48447B7-17AA-4350-B5A0-D7504E785128}.Release|Any CPU.ActiveCfg = Release|Any CPU
		{C48447B7-17AA-4350-B5A0-D7504E785128}.Release|Any CPU.Build.0 = Release|Any CPU
	EndGlobalSection
	GlobalSection(SolutionProperties) = preSolution
		HideSolutionNode = FALSE
	EndGlobalSection
	GlobalSection(ExtensibilityGlobals) = postSolution
		SolutionGuid = {D0C48FEC-44AA-4206-92BD-35AA904095FB}
	EndGlobalSection
EndGlobal
